
Microsoft Visual Studio Solution File, Format Version 12.00
# Visual Studio Version 16
VisualStudioVersion = 16.0.31410.357
MinimumVisualStudioVersion = 10.0.40219.1
Project("{FAE04EC0-301F-11D3-BF4B-00C04F79EFBC}") = "catalagoJogos.WebApi", "catalagoJogos.WebApi\catalagoJogos.WebApi.csproj", "{2DA1A3B6-06C9-4C62-88C3-72D83F0E500A}"
EndProject
Global
	GlobalSection(SolutionConfigurationPlatforms) = preSolution
		Debug|Any CPU = Debug|Any CPU
		Release|Any CPU = Release|Any CPU
	EndGlobalSection
	GlobalSection(ProjectConfigurationPlatforms) = postSolution
		{2DA1A3B6-06C9-4C62-88C3-72D83F0E500A}.Debug|Any CPU.ActiveCfg = Debug|Any CPU
		{2DA1A3B6-06C9-4C62-88C3-72D83F0E500A}.Debug|Any CPU.Build.0 = Debug|Any CPU
		{2DA1A3B6-06C9-4C62-88C3-72D83F0E500A}.Release|Any CPU.ActiveCfg = Release|Any CPU
		{2DA1A3B6-06C9-4C62-88C3-72D83F0E500A}.Release|Any CPU.Build.0 = Release|Any CPU
	EndGlobalSection
	GlobalSection(SolutionProperties) = preSolution
		HideSolutionNode = FALSE
	EndGlobalSection
	GlobalSection(ExtensibilityGlobals) = postSolution
		SolutionGuid = {A15716E4-6954-42A3-9C63-D36379FB038D}
	EndGlobalSection
EndGlobal
